Microsoft Visual Studio Solution File, Format Version 12.00
# Visual Studio Version 17
VisualStudioVersion = 17.5.2.0
MinimumVisualStudioVersion = 10.0.40219.1
Project("{FAE04EC0-301F-11D3-BF4B-00C04F79EFBC}") = "webApitest", "webApitest\webApitest.csproj", "{EC647EF9-6600-C403-34B6-7072F18A9A0A}"
EndProject
Global
	GlobalSection(SolutionConfigurationPlatforms) = preSolution
		Debug|Any CPU = Debug|Any CPU
		Release|Any CPU = Release|Any CPU
	EndGlobalSection
	GlobalSection(ProjectConfigurationPlatforms) = postSolution
		{EC647EF9-6600-C403-34B6-7072F18A9A0A}.Debug|Any CPU.ActiveCfg = Debug|Any CPU
		{EC647EF9-6600-C403-34B6-7072F18A9A0A}.Debug|Any CPU.Build.0 = Debug|Any CPU
		{EC647EF9-6600-C403-34B6-7072F18A9A0A}.Release|Any CPU.ActiveCfg = Release|Any CPU
		{EC647EF9-6600-C403-34B6-7072F18A9A0A}.Release|Any CPU.Build.0 = Release|Any CPU
	EndGlobalSection
	GlobalSection(SolutionProperties) = preSolution
		HideSolutionNode = FALSE
	EndGlobalSection
	GlobalSection(ExtensibilityGlobals) = postSolution
		SolutionGuid = {074C235B-EC0E-4354-8B19-25B2107109F1}
	EndGlobalSection
EndGlobal
